
Microsoft Visual Studio Solution File, Format Version 12.00
# Visual Studio 2012
Project("{8BC9CEB8-8B4A-11D0-8D11-00A0C91BC942}") = "Bai 1", "Bai 1\Bai 1.vcxproj", "{2A597389-2A08-458E-BAD0-284861A40FF7}"
EndProject
Project("{8BC9CEB8-8B4A-11D0-8D11-00A0C91BC942}") = "Bai 2", "Bai 2\Bai 2.vcxproj", "{BC7239AB-31B7-410D-8FE5-5EBE5F250B89}"
EndProject
Project("{8BC9CEB8-8B4A-11D0-8D11-00A0C91BC942}") = "Bai 2b", "Bai 2b\Bai 2b.vcxproj", "{692A2C11-7F26-4C96-8D7A-3D88D77E663F}"
EndProject
Project("{8BC9CEB8-8B4A-11D0-8D11-00A0C91BC942}") = "Bai 3b", "Bai 3b\Bai 3b.vcxproj", "{0C7453D2-2E1D-4C07-B789-C7FDF7F2E77A}"
EndProject
Project("{8BC9CEB8-8B4A-11D0-8D11-00A0C91BC942}") = "Bai 4", "Bai 4\Bai 4.vcxproj", "{B673B95A-23AE-4250-9E42-A7B4CC98FFCB}"
EndProject
Global
	GlobalSection(SolutionConfigurationPlatforms) = preSolution
		Debug|Win32 = Debug|Win32
		Release|Win32 = Release|Win32
	EndGlobalSection
	GlobalSection(ProjectConfigurationPlatforms) = postSolution
		{2A597389-2A08-458E-BAD0-284861A40FF7}.Debug|Win32.ActiveCfg = Debug|Win32
		{2A597389-2A08-458E-BAD0-284861A40FF7}.Debug|Win32.Build.0 = Debug|Win32
		{2A597389-2A08-458E-BAD0-284861A40FF7}.Release|Win32.ActiveCfg = Release|Win32
		{2A597389-2A08-458E-BAD0-284861A40FF7}.Release|Win32.Build.0 = Release|Win32
		{BC7239AB-31B7-410D-8FE5-5EBE5F250B89}.Debug|Win32.ActiveCfg = Debug|Win32
		{BC7239AB-31B7-410D-8FE5-5EBE5F250B89}.Debug|Win32.Build.0 = Debug|Win32
		{BC7239AB-31B7-410D-8FE5-5EBE5F250B89}.Release|Win32.ActiveCfg = Release|Win32
		{BC7239AB-31B7-410D-8FE5-5EBE5F250B89}.Release|Win32.Build.0 = Release|Win32
		{692A2C11-7F26-4C96-8D7A-3D88D77E663F}.Debug|Win32.ActiveCfg = Debug|Win32
		{692A2C11-7F26-4C96-8D7A-3D88D77E663F}.Debug|Win32.Build.0 = Debug|Win32
		{692A2C11-7F26-4C96-8D7A-3D88D77E663F}.Release|Win32.ActiveCfg = Release|Win32
		{692A2C11-7F26-4C96-8D7A-3D88D77E663F}.Release|Win32.Build.0 = Release|Win32
		{0C7453D2-2E1D-4C07-B789-C7FDF7F2E77A}.Debug|Win32.ActiveCfg = Debug|Win32
		{0C7453D2-2E1D-4C07-B789-C7FDF7F2E77A}.Debug|Win32.Build.0 = Debug|Win32
		{0C7453D2-2E1D-4C07-B789-C7FDF7F2E77A}.Release|Win32.ActiveCfg = Release|Win32
		{0C7453D2-2E1D-4C07-B789-C7FDF7F2E77A}.Release|Win32.Build.0 = Release|Win32
		{B673B95A-23AE-4250-9E42-A7B4CC98FFCB}.Debug|Win32.ActiveCfg = Debug|Win32
		{B673B95A-23AE-4250-9E42-A7B4CC98FFCB}.Debug|Win32.Build.0 = Debug|Win32
		{B673B95A-23AE-4250-9E42-A7B4CC98FFCB}.Release|Win32.ActiveCfg = Release|Win32
		{B673B95A-23AE-4250-9E42-A7B4CC98FFCB}.Release|Win32.Build.0 = Release|Win32
	EndGlobalSection
	GlobalSection(SolutionProperties) = preSolution
		HideSolutionNode = FALSE
	EndGlobalSection
EndGlobal
