
Microsoft Visual Studio Solution File, Format Version 12.00
# Visual Studio 2012
Project("{8BC9CEB8-8B4A-11D0-8D11-00A0C91BC942}") = "Bai 1", "Bai 1\Bai 1.vcxproj", "{A3E21E33-6302-4D40-8811-18F98CA90773}"
EndProject
Project("{8BC9CEB8-8B4A-11D0-8D11-00A0C91BC942}") = "Bai 2", "Bai 2\Bai 2.vcxproj", "{73A3873F-9F04-42A9-A1C8-525CA5BEF98E}"
EndProject
Global
	GlobalSection(SolutionConfigurationPlatforms) = preSolution
		Debug|Win32 = Debug|Win32
		Release|Win32 = Release|Win32
	EndGlobalSection
	GlobalSection(ProjectConfigurationPlatforms) = postSolution
		{A3E21E33-6302-4D40-8811-18F98CA90773}.Debug|Win32.ActiveCfg = Debug|Win32
		{A3E21E33-6302-4D40-8811-18F98CA90773}.Debug|Win32.Build.0 = Debug|Win32
		{A3E21E33-6302-4D40-8811-18F98CA90773}.Release|Win32.ActiveCfg = Release|Win32
		{A3E21E33-6302-4D40-8811-18F98CA90773}.Release|Win32.Build.0 = Release|Win32
		{73A3873F-9F04-42A9-A1C8-525CA5BEF98E}.Debug|Win32.ActiveCfg = Debug|Win32
		{73A3873F-9F04-42A9-A1C8-525CA5BEF98E}.Debug|Win32.Build.0 = Debug|Win32
		{73A3873F-9F04-42A9-A1C8-525CA5BEF98E}.Release|Win32.ActiveCfg = Release|Win32
		{73A3873F-9F04-42A9-A1C8-525CA5BEF98E}.Release|Win32.Build.0 = Release|Win32
	EndGlobalSection
	GlobalSection(SolutionProperties) = preSolution
		HideSolutionNode = FALSE
	EndGlobalSection
EndGlobal
